// !$*UTF8*$!
{
	archiveVersion = 1;
	classes = {
	};
	objectVersion = 50;
	objects = {

/* Begin PBXBuildFile section */
		0A55728293D467EE83A8EA08 /* Pods_PokeDex.framework in Frameworks */ = {isa = PBXBuildFile; fileRef = FD3084B10E7572CE03793162 /* Pods_PokeDex.framework */; };
		0FBDC8CB227402930084684F /* AppDelegate.swift in Sources */ = {isa = PBXBuildFile; fileRef = 0FBDC8CA227402930084684F /* AppDelegate.swift */; };
		0FBDC8CD227402930084684F /* MainViewController.swift in Sources */ = {isa = PBXBuildFile; fileRef = 0FBDC8CC227402930084684F /* MainViewController.swift */; };
		0FBDC8D0227402930084684F /* Main.storyboard in Resources */ = {isa = PBXBuildFile; fileRef = 0FBDC8CE227402930084684F /* Main.storyboard */; };
		0FBDC8D2227402940084684F /* Assets.xcassets in Resources */ = {isa = PBXBuildFile; fileRef = 0FBDC8D1227402940084684F /* Assets.xcassets */; };
		0FBDC8D5227402940084684F /* LaunchScreen.storyboard in Resources */ = {isa = PBXBuildFile; fileRef = 0FBDC8D3227402940084684F /* LaunchScreen.storyboard */; };
		0FBDC8E0227402940084684F /* PokeDexTests.swift in Sources */ = {isa = PBXBuildFile; fileRef = 0FBDC8DF227402940084684F /* PokeDexTests.swift */; };
		0FBDC8EB227402940084684F /* PokeDexUITests.swift in Sources */ = {isa = PBXBuildFile; fileRef = 0FBDC8EA227402940084684F /* PokeDexUITests.swift */; };
		0FBDC8F922741C690084684F /* PokemonListCollectionViewCell.swift in Sources */ = {isa = PBXBuildFile; fileRef = 0FBDC8F822741C690084684F /* PokemonListCollectionViewCell.swift */; };
		0FBDC8FB22743CA80084684F /* PokeAPIManager.swift in Sources */ = {isa = PBXBuildFile; fileRef = 0FBDC8FA22743CA80084684F /* PokeAPIManager.swift */; };
		0FBDC8FD227442400084684F /* PokemonModel.swift in Sources */ = {isa = PBXBuildFile; fileRef = 0FBDC8FC227442400084684F /* PokemonModel.swift */; };
		0FBDC9002274568B0084684F /* Pokemon Solid.ttf in Resources */ = {isa = PBXBuildFile; fileRef = 0FBDC8FF2274568B0084684F /* Pokemon Solid.ttf */; };
		36FA37696385C16B126AEFBC /* Pods_PokeDexUITests.framework in Frameworks */ = {isa = PBXBuildFile; fileRef = 56C1A3333627B679E76FA8ED /* Pods_PokeDexUITests.framework */; };
		53D1E4BAC768EB7ABBA69903 /* Pods_PokeDexTests.framework in Frameworks */ = {isa = PBXBuildFile; fileRef = 92CA0BAE216FF8B6F26A1438 /* Pods_PokeDexTests.framework */; };
/* End PBXBuildFile section */

/* Begin PBXContainerItemProxy section */
		0FBDC8DC227402940084684F /* PBXContainerItemProxy */ = {
			isa = PBXContainerItemProxy;
			containerPortal = 0FBDC8BF227402930084684F /* Project object */;
			proxyType = 1;
			remoteGlobalIDString = 0FBDC8C6227402930084684F;
			remoteInfo = PokeDex;
		};
		0FBDC8E7227402940084684F /* PBXContainerItemProxy */ = {
			isa = PBXContainerItemProxy;
			containerPortal = 0FBDC8BF227402930084684F /* Project object */;
			proxyType = 1;
			remoteGlobalIDString = 0FBDC8C6227402930084684F;
			remoteInfo = PokeDex;
		};
/* End PBXContainerItemProxy section */

/* Begin PBXFileReference section */
		0FBDC8C7227402930084684F /* PokeDex.app */ = {isa = PBXFileReference; explicitFileType = wrapper.application; includeInIndex = 0; path = PokeDex.app; sourceTree = BUILT_PRODUCTS_DIR; };
		0FBDC8CA227402930084684F /* AppDelegate.swift */ = {isa = PBXFileReference; lastKnownFileType = sourcecode.swift; path = AppDelegate.swift; sourceTree = "<group>"; };
		0FBDC8CC227402930084684F /* MainViewController.swift */ = {isa = PBXFileReference; lastKnownFileType = sourcecode.swift; path = MainViewController.swift; sourceTree = "<group>"; };
		0FBDC8CF227402930084684F /* Base */ = {isa = PBXFileReference; lastKnownFileType = file.storyboard; name = Base; path = Base.lproj/Main.storyboard; sourceTree = "<group>"; };
		0FBDC8D1227402940084684F /* Assets.xcassets */ = {isa = PBXFileReference; lastKnownFileType = folder.assetcatalog; path = Assets.xcassets; sourceTree = "<group>"; };
		0FBDC8D4227402940084684F /* Base */ = {isa = PBXFileReference; lastKnownFileType = file.storyboard; name = Base; path = Base.lproj/LaunchScreen.storyboard; sourceTree = "<group>"; };
		0FBDC8D6227402940084684F /* Info.plist */ = {isa = PBXFileReference; lastKnownFileType = text.plist.xml; path = Info.plist; sourceTree = "<group>"; };
		0FBDC8DB227402940084684F /* PokeDexTests.xctest */ = {isa = PBXFileReference; explicitFileType = wrapper.cfbundle; includeInIndex = 0; path = PokeDexTests.xctest; sourceTree = BUILT_PRODUCTS_DIR; };
		0FBDC8DF227402940084684F /* PokeDexTests.swift */ = {isa = PBXFileReference; lastKnownFileType = sourcecode.swift; path = PokeDexTests.swift; sourceTree = "<group>"; };
		0FBDC8E1227402940084684F /* Info.plist */ = {isa = PBXFileReference; lastKnownFileType = text.plist.xml; path = Info.plist; sourceTree = "<group>"; };
		0FBDC8E6227402940084684F /* PokeDexUITests.xctest */ = {isa = PBXFileReference; explicitFileType = wrapper.cfbundle; includeInIndex = 0; path = PokeDexUITests.xctest; sourceTree = BUILT_PRODUCTS_DIR; };
		0FBDC8EA227402940084684F /* PokeDexUITests.swift */ = {isa = PBXFileReference; lastKnownFileType = sourcecode.swift; path = PokeDexUITests.swift; sourceTree = "<group>"; };
		0FBDC8EC227402940084684F /* Info.plist */ = {isa = PBXFileReference; lastKnownFileType = text.plist.xml; path = Info.plist; sourceTree = "<group>"; };
		0FBDC8F822741C690084684F /* PokemonListCollectionViewCell.swift */ = {isa = PBXFileReference; lastKnownFileType = sourcecode.swift; path = PokemonListCollectionViewCell.swift; sourceTree = "<group>"; };
		0FBDC8FA22743CA80084684F /* PokeAPIManager.swift */ = {isa = PBXFileReference; lastKnownFileType = sourcecode.swift; path = PokeAPIManager.swift; sourceTree = "<group>"; };
		0FBDC8FC227442400084684F /* PokemonModel.swift */ = {isa = PBXFileReference; lastKnownFileType = sourcecode.swift; path = PokemonModel.swift; sourceTree = "<group>"; };
		0FBDC8FF2274568B0084684F /* Pokemon Solid.ttf */ = {isa = PBXFileReference; lastKnownFileType = file; path = "Pokemon Solid.ttf"; sourceTree = "<group>"; };
		36850D0B12BE109ADCA6AF79 /* Pods-PokeDexUITests.release.xcconfig */ = {isa = PBXFileReference; includeInIndex = 1; lastKnownFileType = text.xcconfig; name = "Pods-PokeDexUITests.release.xcconfig"; path = "Target Support Files/Pods-PokeDexUITests/Pods-PokeDexUITests.release.xcconfig"; sourceTree = "<group>"; };
		396F50654FBB4FCC2C62C9A7 /* Pods-PokeDexTests.release.xcconfig */ = {isa = PBXFileReference; includeInIndex = 1; lastKnownFileType = text.xcconfig; name = "Pods-PokeDexTests.release.xcconfig"; path = "Target Support Files/Pods-PokeDexTests/Pods-PokeDexTests.release.xcconfig"; sourceTree = "<group>"; };
		4541697355F6DB1EA89926CA /* Pods-PokeDex.debug.xcconfig */ = {isa = PBXFileReference; includeInIndex = 1; lastKnownFileType = text.xcconfig; name = "Pods-PokeDex.debug.xcconfig"; path = "Target Support Files/Pods-PokeDex/Pods-PokeDex.debug.xcconfig"; sourceTree = "<group>"; };
		56C1A3333627B679E76FA8ED /* Pods_PokeDexUITests.framework */ = {isa = PBXFileReference; explicitFileType = wrapper.framework; includeInIndex = 0; path = Pods_PokeDexUITests.framework; sourceTree = BUILT_PRODUCTS_DIR; };
		85777AAC74CBE0A7847B0B06 /* Pods-PokeDexUITests.debug.xcconfig */ = {isa = PBXFileReference; includeInIndex = 1; lastKnownFileType = text.xcconfig; name = "Pods-PokeDexUITests.debug.xcconfig"; path = "Target Support Files/Pods-PokeDexUITests/Pods-PokeDexUITests.debug.xcconfig"; sourceTree = "<group>"; };
		92CA0BAE216FF8B6F26A1438 /* Pods_PokeDexTests.framework */ = {isa = PBXFileReference; explicitFileType = wrapper.framework; includeInIndex = 0; path = Pods_PokeDexTests.framework; sourceTree = BUILT_PRODUCTS_DIR; };
		DD367D4BAD1A8920C2CAFF89 /* Pods-PokeDex.release.xcconfig */ = {isa = PBXFileReference; includeInIndex = 1; lastKnownFileType = text.xcconfig; name = "Pods-PokeDex.release.xcconfig"; path = "Target Support Files/Pods-PokeDex/Pods-PokeDex.release.xcconfig"; sourceTree = "<group>"; };
		DEB2A3DD9460AB78726D9402 /* Pods-PokeDexTests.debug.xcconfig */ = {isa = PBXFileReference; includeInIndex = 1; lastKnownFileType = text.xcconfig; name = "Pods-PokeDexTests.debug.xcconfig"; path = "Target Support Files/Pods-PokeDexTests/Pods-PokeDexTests.debug.xcconfig"; sourceTree = "<group>"; };
		FD3084B10E7572CE03793162 /* Pods_PokeDex.framework */ = {isa = PBXFileReference; explicitFileType = wrapper.framework; includeInIndex = 0; path = Pods_PokeDex.framework; sourceTree = BUILT_PRODUCTS_DIR; };
/* End PBXFileReference section */

/* Begin PBXFrameworksBuildPhase section */
		0FBDC8C4227402930084684F /* Frameworks */ = {
			isa = PBXFrameworksBuildPhase;
			buildActionMask = 2147483647;
			files = (
				0A55728293D467EE83A8EA08 /* Pods_PokeDex.framework in Frameworks */,
			);
			runOnlyForDeploymentPostprocessing = 0;
		};
		0FBDC8D8227402940084684F /* Frameworks */ = {
			isa = PBXFrameworksBuildPhase;
			buildActionMask = 2147483647;
			files = (
				53D1E4BAC768EB7ABBA69903 /* Pods_PokeDexTests.framework in Frameworks */,
			);
			runOnlyForDeploymentPostprocessing = 0;
		};
		0FBDC8E3227402940084684F /* Frameworks */ = {
			isa = PBXFrameworksBuildPhase;
			buildActionMask = 2147483647;
			files = (
				36FA37696385C16B126AEFBC /* Pods_PokeDexUITests.framework in Frameworks */,
			);
			runOnlyForDeploymentPostprocessing = 0;
		};
/* End PBXFrameworksBuildPhase section */

/* Begin PBXGroup section */
		0FBDC8BE227402930084684F = {
			isa = PBXGroup;
			children = (
				0FBDC8C9227402930084684F /* PokeDex */,
				0FBDC8DE227402940084684F /* PokeDexTests */,
				0FBDC8E9227402940084684F /* PokeDexUITests */,
				0FBDC8C8227402930084684F /* Products */,
				8CCE1869ED67D488FCF9E37D /* Pods */,
				EA82E982F47582479FFA5DCD /* Frameworks */,
			);
			sourceTree = "<group>";
		};
		0FBDC8C8227402930084684F /* Products */ = {
			isa = PBXGroup;
			children = (
				0FBDC8C7227402930084684F /* PokeDex.app */,
				0FBDC8DB227402940084684F /* PokeDexTests.xctest */,
				0FBDC8E6227402940084684F /* PokeDexUITests.xctest */,
			);
			name = Products;
			sourceTree = "<group>";
		};
		0FBDC8C9227402930084684F /* PokeDex */ = {
			isa = PBXGroup;
			children = (
				0FBDC8FE2274565A0084684F /* Fonts */,
				0FBDC8CA227402930084684F /* AppDelegate.swift */,
				0FBDC8CE227402930084684F /* Main.storyboard */,
				0FBDC8CC227402930084684F /* MainViewController.swift */,
				0FBDC8F822741C690084684F /* PokemonListCollectionViewCell.swift */,
				0FBDC8FA22743CA80084684F /* PokeAPIManager.swift */,
				0FBDC8FC227442400084684F /* PokemonModel.swift */,
				0FBDC8D1227402940084684F /* Assets.xcassets */,
				0FBDC8D3227402940084684F /* LaunchScreen.storyboard */,
				0FBDC8D6227402940084684F /* Info.plist */,
			);
			path = PokeDex;
			sourceTree = "<group>";
		};
		0FBDC8DE227402940084684F /* PokeDexTests */ = {
			isa = PBXGroup;
			children = (
				0FBDC8DF227402940084684F /* PokeDexTests.swift */,
				0FBDC8E1227402940084684F /* Info.plist */,
			);
			path = PokeDexTests;
			sourceTree = "<group>";
		};
		0FBDC8E9227402940084684F /* PokeDexUITests */ = {
			isa = PBXGroup;
			children = (
				0FBDC8EA227402940084684F /* PokeDexUITests.swift */,
				0FBDC8EC227402940084684F /* Info.plist */,
			);
			path = PokeDexUITests;
			sourceTree = "<group>";
		};
		0FBDC8FE2274565A0084684F /* Fonts */ = {
			isa = PBXGroup;
			children = (
				0FBDC8FF2274568B0084684F /* Pokemon Solid.ttf */,
			);
			path = Fonts;
			sourceTree = "<group>";
		};
		8CCE1869ED67D488FCF9E37D /* Pods */ = {
			isa = PBXGroup;
			children = (
				4541697355F6DB1EA89926CA /* Pods-PokeDex.debug.xcconfig */,
				DD367D4BAD1A8920C2CAFF89 /* Pods-PokeDex.release.xcconfig */,
				DEB2A3DD9460AB78726D9402 /* Pods-PokeDexTests.debug.xcconfig */,
				396F50654FBB4FCC2C62C9A7 /* Pods-PokeDexTests.release.xcconfig */,
				85777AAC74CBE0A7847B0B06 /* Pods-PokeDexUITests.debug.xcconfig */,
				36850D0B12BE109ADCA6AF79 /* Pods-PokeDexUITests.release.xcconfig */,
			);
			path = Pods;
			sourceTree = "<group>";
		};
		EA82E982F47582479FFA5DCD /* Frameworks */ = {
			isa = PBXGroup;
			children = (
				FD3084B10E7572CE03793162 /* Pods_PokeDex.framework */,
				92CA0BAE216FF8B6F26A1438 /* Pods_PokeDexTests.framework */,
				56C1A3333627B679E76FA8ED /* Pods_PokeDexUITests.framework */,
			);
			name = Frameworks;
			sourceTree = "<group>";
		};
/* End PBXGroup section */

/* Begin PBXNativeTarget section */
		0FBDC8C6227402930084684F /* PokeDex */ = {
			isa = PBXNativeTarget;
			buildConfigurationList = 0FBDC8EF227402940084684F /* Build configuration list for PBXNativeTarget "PokeDex" */;
			buildPhases = (
				9169303104E6FB637CB3750A /* [CP] Check Pods Manifest.lock */,
				0FBDC8C3227402930084684F /* Sources */,
				0FBDC8C4227402930084684F /* Frameworks */,
				0FBDC8C5227402930084684F /* Resources */,
				30BBCFB37E5F93D479B07170 /* [CP] Embed Pods Frameworks */,
			);
			buildRules = (
			);
			dependencies = (
			);
			name = PokeDex;
			productName = PokeDex;
			productReference = 0FBDC8C7227402930084684F /* PokeDex.app */;
			productType = "com.apple.product-type.application";
		};
		0FBDC8DA227402940084684F /* PokeDexTests */ = {
			isa = PBXNativeTarget;
			buildConfigurationList = 0FBDC8F2227402940084684F /* Build configuration list for PBXNativeTarget "PokeDexTests" */;
			buildPhases = (
				DBAD9406B08F660B562A846A /* [CP] Check Pods Manifest.lock */,
				0FBDC8D7227402940084684F /* Sources */,
				0FBDC8D8227402940084684F /* Frameworks */,
				0FBDC8D9227402940084684F /* Resources */,
			);
			buildRules = (
			);
			dependencies = (
				0FBDC8DD227402940084684F /* PBXTargetDependency */,
			);
			name = PokeDexTests;
			productName = PokeDexTests;
			productReference = 0FBDC8DB227402940084684F /* PokeDexTests.xctest */;
			productType = "com.apple.product-type.bundle.unit-test";
		};
		0FBDC8E5227402940084684F /* PokeDexUITests */ = {
			isa = PBXNativeTarget;
			buildConfigurationList = 0FBDC8F5227402940084684F /* Build configuration list for PBXNativeTarget "PokeDexUITests" */;
			buildPhases = (
				DB5B39E41B35711C426D047A /* [CP] Check Pods Manifest.lock */,
				0FBDC8E2227402940084684F /* Sources */,
				0FBDC8E3227402940084684F /* Frameworks */,
				0FBDC8E4227402940084684F /* Resources */,
			);
			buildRules = (
			);
			dependencies = (
				0FBDC8E8227402940084684F /* PBXTargetDependency */,
			);
			name = PokeDexUITests;
			productName = PokeDexUITests;
			productReference = 0FBDC8E6227402940084684F /* PokeDexUITests.xctest */;
			productType = "com.apple.product-type.bundle.ui-testing";
		};
/* End PBXNativeTarget section */

/* Begin PBXProject section */
		0FBDC8BF227402930084684F /* Project object */ = {
			isa = PBXProject;
			attributes = {
				LastSwiftUpdateCheck = 1020;
				LastUpgradeCheck = 1020;
				ORGANIZATIONNAME = "Nathachai Bangkung";
				TargetAttributes = {
					0FBDC8C6227402930084684F = {
						CreatedOnToolsVersion = 10.2.1;
					};
					0FBDC8DA227402940084684F = {
						CreatedOnToolsVersion = 10.2.1;
						TestTargetID = 0FBDC8C6227402930084684F;
					};
					0FBDC8E5227402940084684F = {
						CreatedOnToolsVersion = 10.2.1;
						TestTargetID = 0FBDC8C6227402930084684F;
					};
				};
			};
			buildConfigurationList = 0FBDC8C2227402930084684F /* Build configuration list for PBXProject "PokeDex" */;
			compatibilityVersion = "Xcode 9.3";
			developmentRegion = en;
			hasScannedForEncodings = 0;
			knownRegions = (
				en,
				Base,
			);
			mainGroup = 0FBDC8BE227402930084684F;
			productRefGroup = 0FBDC8C8227402930084684F /* Products */;
			projectDirPath = "";
			projectRoot = "";
			targets = (
				0FBDC8C6227402930084684F /* PokeDex */,
				0FBDC8DA227402940084684F /* PokeDexTests */,
				0FBDC8E5227402940084684F /* PokeDexUITests */,
			);
		};
/* End PBXProject section */

/* Begin PBXResourcesBuildPhase section */
		0FBDC8C5227402930084684F /* Resources */ = {
			isa = PBXResourcesBuildPhase;
			buildActionMask = 2147483647;
			files = (
				0FBDC8D5227402940084684F /* LaunchScreen.storyboard in Resources */,
				0FBDC9002274568B0084684F /* Pokemon Solid.ttf in Resources */,
				0FBDC8D2227402940084684F /* Assets.xcassets in Resources */,
				0FBDC8D0227402930084684F /* Main.storyboard in Resources */,
			);
			runOnlyForDeploymentPostprocessing = 0;
		};
		0FBDC8D9227402940084684F /* Resources */ = {
			isa = PBXResourcesBuildPhase;
			buildActionMask = 2147483647;
			files = (
			);
			runOnlyForDeploymentPostprocessing = 0;
		};
		0FBDC8E4227402940084684F /* Resources */ = {
			isa = PBXResourcesBuildPhase;
			buildActionMask = 2147483647;
			files = (
			);
			runOnlyForDeploymentPostprocessing = 0;
		};
/* End PBXResourcesBuildPhase section */

/* Begin PBXShellScriptBuildPhase section */
		30BBCFB37E5F93D479B07170 /* [CP] Embed Pods Frameworks */ = {
			isa = PBXShellScriptBuildPhase;
			buildActionMask = 2147483647;
			files = (
			);
			inputFileListPaths = (
			);
			inputPaths = (
				"${PODS_ROOT}/Target Support Files/Pods-PokeDex/Pods-PokeDex-frameworks.sh",
				"${BUILT_PRODUCTS_DIR}/Alamofire/Alamofire.framework",
				"${BUILT_PRODUCTS_DIR}/Kingfisher/Kingfisher.framework",
			);
			name = "[CP] Embed Pods Frameworks";
			outputFileListPaths = (
			);
			outputPaths = (
				"${TARGET_BUILD_DIR}/${FRAMEWORKS_FOLDER_PATH}/Alamofire.framework",
				"${TARGET_BUILD_DIR}/${FRAMEWORKS_FOLDER_PATH}/Kingfisher.framework",
			);
			runOnlyForDeploymentPostprocessing = 0;
			shellPath = /bin/sh;
			shellScript = "\"${PODS_ROOT}/Target Support Files/Pods-PokeDex/Pods-PokeDex-frameworks.sh\"\n";
			showEnvVarsInLog = 0;
		};
		9169303104E6FB637CB3750A /* [CP] Check Pods Manifest.lock */ = {
			isa = PBXShellScriptBuildPhase;
			buildActionMask = 2147483647;
			files = (
			);
			inputFileListPaths = (
			);
			inputPaths = (
				"${PODS_PODFILE_DIR_PATH}/Podfile.lock",
				"${PODS_ROOT}/Manifest.lock",
			);
			name = "[CP] Check Pods Manifest.lock";
			outputFileListPaths = (
			);
			outputPaths = (
				"$(DERIVED_FILE_DIR)/Pods-PokeDex-checkManifestLockResult.txt",
			);
			runOnlyForDeploymentPostprocessing = 0;
			shellPath = /bin/sh;
			shellScript = "diff \"${PODS_PODFILE_DIR_PATH}/Podfile.lock\" \"${PODS_ROOT}/Manifest.lock\" > /dev/null\nif [ $? != 0 ] ; then\n    # print error to STDERR\n    echo \"error: The sandbox is not in sync with the Podfile.lock. Run 'pod install' or update your CocoaPods installation.\" >&2\n    exit 1\nfi\n# This output is used by Xcode 'outputs' to avoid re-running this script phase.\necho \"SUCCESS\" > \"${SCRIPT_OUTPUT_FILE_0}\"\n";
			showEnvVarsInLog = 0;
		};
		DB5B39E41B35711C426D047A /* [CP] Check Pods Manifest.lock */ = {
			isa = PBXShellScriptBuildPhase;
			buildActionMask = 2147483647;
			files = (
			);
			inputFileListPaths = (
			);
			inputPaths = (
				"${PODS_PODFILE_DIR_PATH}/Podfile.lock",
				"${PODS_ROOT}/Manifest.lock",
			);
			name = "[CP] Check Pods Manifest.lock";
			outputFileListPaths = (
			);
			outputPaths = (
				"$(DERIVED_FILE_DIR)/Pods-PokeDexUITests-checkManifestLockResult.txt",
			);
			runOnlyForDeploymentPostprocessing = 0;
			shellPath = /bin/sh;
			shellScript = "diff \"${PODS_PODFILE_DIR_PATH}/Podfile.lock\" \"${PODS_ROOT}/Manifest.lock\" > /dev/null\nif [ $? != 0 ] ; then\n    # print error to STDERR\n    echo \"error: The sandbox is not in sync with the Podfile.lock. Run 'pod install' or update your CocoaPods installation.\" >&2\n    exit 1\nfi\n# This output is used by Xcode 'outputs' to avoid re-running this script phase.\necho \"SUCCESS\" > \"${SCRIPT_OUTPUT_FILE_0}\"\n";
			showEnvVarsInLog = 0;
		};
		DBAD9406B08F660B562A846A /* [CP] Check Pods Manifest.lock */ = {
			isa = PBXShellScriptBuildPhase;
			buildActionMask = 2147483647;
			files = (
			);
			inputFileListPaths = (
			);
			inputPaths = (
				"${PODS_PODFILE_DIR_PATH}/Podfile.lock",
				"${PODS_ROOT}/Manifest.lock",
			);
			name = "[CP] Check Pods Manifest.lock";
			outputFileListPaths = (
			);
			outputPaths = (
				"$(DERIVED_FILE_DIR)/Pods-PokeDexTests-checkManifestLockResult.txt",
			);
			runOnlyForDeploymentPostprocessing = 0;
			shellPath = /bin/sh;
			shellScript = "diff \"${PODS_PODFILE_DIR_PATH}/Podfile.lock\" \"${PODS_ROOT}/Manifest.lock\" > /dev/null\nif [ $? != 0 ] ; then\n    # print error to STDERR\n    echo \"error: The sandbox is not in sync with the Podfile.lock. Run 'pod install' or update your CocoaPods installation.\" >&2\n    exit 1\nfi\n# This output is used by Xcode 'outputs' to avoid re-running this script phase.\necho \"SUCCESS\" > \"${SCRIPT_OUTPUT_FILE_0}\"\n";
			showEnvVarsInLog = 0;
		};
/* End PBXShellScriptBuildPhase section */

/* Begin PBXSourcesBuildPhase section */
		0FBDC8C3227402930084684F /* Sources */ = {
			isa = PBXSourcesBuildPhase;
			buildActionMask = 2147483647;
			files = (
				0FBDC8F922741C690084684F /* PokemonListCollectionViewCell.swift in Sources */,
				0FBDC8CD227402930084684F /* MainViewController.swift in Sources */,
				0FBDC8CB227402930084684F /* AppDelegate.swift in Sources */,
				0FBDC8FD227442400084684F /* PokemonModel.swift in Sources */,
				0FBDC8FB22743CA80084684F /* PokeAPIManager.swift in Sources */,
			);
			runOnlyForDeploymentPostprocessing = 0;
		};
		0FBDC8D7227402940084684F /* Sources */ = {
			isa = PBXSourcesBuildPhase;
			buildActionMask = 2147483647;
			files = (
				0FBDC8E0227402940084684F /* PokeDexTests.swift in Sources */,
			);
			runOnlyForDeploymentPostprocessing = 0;
		};
		0FBDC8E2227402940084684F /* Sources */ = {
			isa = PBXSourcesBuildPhase;
			buildActionMask = 2147483647;
			files = (
				0FBDC8EB227402940084684F /* PokeDexUITests.swift in Sources */,
			);
			runOnlyForDeploymentPostprocessing = 0;
		};
/* End PBXSourcesBuildPhase section */

/* Begin PBXTargetDependency section */
		0FBDC8DD227402940084684F /* PBXTargetDependency */ = {
			isa = PBXTargetDependency;
			target = 0FBDC8C6227402930084684F /* PokeDex */;
			targetProxy = 0FBDC8DC227402940084684F /* PBXContainerItemProxy */;
		};
		0FBDC8E8227402940084684F /* PBXTargetDependency */ = {
			isa = PBXTargetDependency;
			target = 0FBDC8C6227402930084684F /* PokeDex */;
			targetProxy = 0FBDC8E7227402940084684F /* PBXContainerItemProxy */;
		};
/* End PBXTargetDependency section */

/* Begin PBXVariantGroup section */
		0FBDC8CE227402930084684F /* Main.storyboard */ = {
			isa = PBXVariantGroup;
			children = (
				0FBDC8CF227402930084684F /* Base */,
			);
			name = Main.storyboard;
			sourceTree = "<group>";
		};
		0FBDC8D3227402940084684F /* LaunchScreen.storyboard */ = {
			isa = PBXVariantGroup;
			children = (
				0FBDC8D4227402940084684F /* Base */,
			);
			name = LaunchScreen.storyboard;
			sourceTree = "<group>";
		};
/* End PBXVariantGroup section */

/* Begin XCBuildConfiguration section */
		0FBDC8ED227402940084684F /* Debug */ = {
			isa = XCBuildConfiguration;
			buildSettings = {
				ALWAYS_SEARCH_USER_PATHS = NO;
				CLANG_ANALYZER_NONNULL = YES;
				CLANG_ANALYZER_NUMBER_OBJECT_CONVERSION = YES_AGGRESSIVE;
				CLANG_CXX_LANGUAGE_STANDARD = "gnu++14";
				CLANG_CXX_LIBRARY = "libc++";
				CLANG_ENABLE_MODULES = YES;
				CLANG_ENABLE_OBJC_ARC = YES;
				CLANG_ENABLE_OBJC_WEAK = YES;
				CLANG_WARN_BLOCK_CAPTURE_AUTORELEASING = YES;
				CLANG_WARN_BOOL_CONVERSION = YES;
				CLANG_WARN_COMMA = YES;
				CLANG_WARN_CONSTANT_CONVERSION = YES;
				CLANG_WARN_DEPRECATED_OBJC_IMPLEMENTATIONS = YES;
				CLANG_WARN_DIRECT_OBJC_ISA_USAGE = YES_ERROR;
				CLANG_WARN_DOCUMENTATION_COMMENTS = YES;
				CLANG_WARN_EMPTY_BODY = YES;
				CLANG_WARN_ENUM_CONVERSION = YES;
				CLANG_WARN_INFINITE_RECURSION = YES;
				CLANG_WARN_INT_CONVERSION = YES;
				CLANG_WARN_NON_LITERAL_NULL_CONVERSION = YES;
				CLANG_WARN_OBJC_IMPLICIT_RETAIN_SELF = YES;
				CLANG_WARN_OBJC_LITERAL_CONVERSION = YES;
				CLANG_WARN_OBJC_ROOT_CLASS = YES_ERROR;
				CLANG_WARN_RANGE_LOOP_ANALYSIS = YES;
				CLANG_WARN_STRICT_PROTOTYPES = YES;
				CLANG_WARN_SUSPICIOUS_MOVE = YES;
				CLANG_WARN_UNGUARDED_AVAILABILITY = YES_AGGRESSIVE;
				CLANG_WARN_UNREACHABLE_CODE = YES;
				CLANG_WARN__DUPLICATE_METHOD_MATCH = YES;
				CODE_SIGN_IDENTITY = "iPhone Developer";
				COPY_PHASE_STRIP = NO;
				DEBUG_INFORMATION_FORMAT = dwarf;
				ENABLE_STRICT_OBJC_MSGSEND = YES;
				ENABLE_TESTABILITY = YES;
				GCC_C_LANGUAGE_STANDARD = gnu11;
				GCC_DYNAMIC_NO_PIC = NO;
				GCC_NO_COMMON_BLOCKS = YES;
				GCC_OPTIMIZATION_LEVEL = 0;
				GCC_PREPROCESSOR_DEFINITIONS = (
					"DEBUG=1",
					"$(inherited)",
				);
				GCC_WARN_64_TO_32_BIT_CONVERSION = YES;
				GCC_WARN_ABOUT_RETURN_TYPE = YES_ERROR;
				GCC_WARN_UNDECLARED_SELECTOR = YES;
				GCC_WARN_UNINITIALIZED_AUTOS = YES_AGGRESSIVE;
				GCC_WARN_UNUSED_FUNCTION = YES;
				GCC_WARN_UNUSED_VARIABLE = YES;
				IPHONEOS_DEPLOYMENT_TARGET = 12.2;
				MTL_ENABLE_DEBUG_INFO = INCLUDE_SOURCE;
				MTL_FAST_MATH = YES;
				ONLY_ACTIVE_ARCH = YES;
				SDKROOT = iphoneos;
				SWIFT_ACTIVE_COMPILATION_CONDITIONS = DEBUG;
				SWIFT_OPTIMIZATION_LEVEL = "-Onone";
			};
			name = Debug;
		};
		0FBDC8EE227402940084684F /* Release */ = {
			isa = XCBuildConfiguration;
			buildSettings = {
				ALWAYS_SEARCH_USER_PATHS = NO;
				CLANG_ANALYZER_NONNULL = YES;
				CLANG_ANALYZER_NUMBER_OBJECT_CONVERSION = YES_AGGRESSIVE;
				CLANG_CXX_LANGUAGE_STANDARD = "gnu++14";
				CLANG_CXX_LIBRARY = "libc++";
				CLANG_ENABLE_MODULES = YES;
				CLANG_ENABLE_OBJC_ARC = YES;
				CLANG_ENABLE_OBJC_WEAK = YES;
				CLANG_WARN_BLOCK_CAPTURE_AUTORELEASING = YES;
				CLANG_WARN_BOOL_CONVERSION = YES;
				CLANG_WARN_COMMA = YES;
				CLANG_WARN_CONSTANT_CONVERSION = YES;
				CLANG_WARN_DEPRECATED_OBJC_IMPLEMENTATIONS = YES;
				CLANG_WARN_DIRECT_OBJC_ISA_USAGE = YES_ERROR;
				CLANG_WARN_DOCUMENTATION_COMMENTS = YES;
				CLANG_WARN_EMPTY_BODY = YES;
				CLANG_WARN_ENUM_CONVERSION = YES;
				CLANG_WARN_INFINITE_RECURSION = YES;
				CLANG_WARN_INT_CONVERSION = YES;
				CLANG_WARN_NON_LITERAL_NULL_CONVERSION = YES;
				CLANG_WARN_OBJC_IMPLICIT_RETAIN_SELF = YES;
				CLANG_WARN_OBJC_LITERAL_CONVERSION = YES;
				CLANG_WARN_OBJC_ROOT_CLASS = YES_ERROR;
				CLANG_WARN_RANGE_LOOP_ANALYSIS = YES;
				CLANG_WARN_STRICT_PROTOTYPES = YES;
				CLANG_WARN_SUSPICIOUS_MOVE = YES;
				CLANG_WARN_UNGUARDED_AVAILABILITY = YES_AGGRESSIVE;
				CLANG_WARN_UNREACHABLE_CODE = YES;
				CLANG_WARN__DUPLICATE_METHOD_MATCH = YES;
				CODE_SIGN_IDENTITY = "iPhone Developer";
				COPY_PHASE_STRIP = NO;
				DEBUG_INFORMATION_FORMAT = "dwarf-with-dsym";
				ENABLE_NS_ASSERTIONS = NO;
				ENABLE_STRICT_OBJC_MSGSEND = YES;
				GCC_C_LANGUAGE_STANDARD = gnu11;
				GCC_NO_COMMON_BLOCKS = YES;
				GCC_WARN_64_TO_32_BIT_CONVERSION = YES;
				GCC_WARN_ABOUT_RETURN_TYPE = YES_ERROR;
				GCC_WARN_UNDECLARED_SELECTOR = YES;
				GCC_WARN_UNINITIALIZED_AUTOS = YES_AGGRESSIVE;
				GCC_WARN_UNUSED_FUNCTION = YES;
				GCC_WARN_UNUSED_VARIABLE = YES;
				IPHONEOS_DEPLOYMENT_TARGET = 12.2;
				MTL_ENABLE_DEBUG_INFO = NO;
				MTL_FAST_MATH = YES;
				SDKROOT = iphoneos;
				SWIFT_COMPILATION_MODE = wholemodule;
				SWIFT_OPTIMIZATION_LEVEL = "-O";
				VALIDATE_PRODUCT = YES;
			};
			name = Release;
		};
		0FBDC8F0227402940084684F /* Debug */ = {
			isa = XCBuildConfiguration;
			baseConfigurationReference = 4541697355F6DB1EA89926CA /* Pods-PokeDex.debug.xcconfig */;
			buildSettings = {
				ASSETCATALOG_COMPILER_APPICON_NAME = AppIcon;
				CODE_SIGN_STYLE = Automatic;
				DEVELOPMENT_TEAM = 72QDW96HD8;
				INFOPLIST_FILE = PokeDex/Info.plist;
				IPHONEOS_DEPLOYMENT_TARGET = 12.0;
				LD_RUNPATH_SEARCH_PATHS = (
					"$(inherited)",
					"@executable_path/Frameworks",
				);
				PRODUCT_BUNDLE_IDENTIFIER = com.nathachai.PokeDex;
				PRODUCT_NAME = "$(TARGET_NAME)";
				SWIFT_VERSION = 5.0;
				TARGETED_DEVICE_FAMILY = 1;
			};
			name = Debug;
		};
		0FBDC8F1227402940084684F /* Release */ = {
			isa = XCBuildConfiguration;
			baseConfigurationReference = DD367D4BAD1A8920C2CAFF89 /* Pods-PokeDex.release.xcconfig */;
			buildSettings = {
				ASSETCATALOG_COMPILER_APPICON_NAME = AppIcon;
				CODE_SIGN_STYLE = Automatic;
				DEVELOPMENT_TEAM = 72QDW96HD8;
				INFOPLIST_FILE = PokeDex/Info.plist;
				IPHONEOS_DEPLOYMENT_TARGET = 12.0;
				LD_RUNPATH_SEARCH_PATHS = (
					"$(inherited)",
					"@executable_path/Frameworks",
				);
				PRODUCT_BUNDLE_IDENTIFIER = com.nathachai.PokeDex;
				PRODUCT_NAME = "$(TARGET_NAME)";
				SWIFT_VERSION = 5.0;
				TARGETED_DEVICE_FAMILY = 1;
			};
			name = Release;
		};
		0FBDC8F3227402940084684F /* Debug */ = {
			isa = XCBuildConfiguration;
			baseConfigurationReference = DEB2A3DD9460AB78726D9402 /* Pods-PokeDexTests.debug.xcconfig */;
			buildSettings = {
				ALWAYS_EMBED_SWIFT_STANDARD_LIBRARIES = YES;
				BUNDLE_LOADER = "$(TEST_HOST)";
				CODE_SIGN_STYLE = Automatic;
				DEVELOPMENT_TEAM = 72QDW96HD8;
				INFOPLIST_FILE = PokeDexTests/Info.plist;
				LD_RUNPATH_SEARCH_PATHS = (
					"$(inherited)",
					"@executable_path/Frameworks",
					"@loader_path/Frameworks",
				);
				PRODUCT_BUNDLE_IDENTIFIER = com.nathachai.PokeDexTests;
				PRODUCT_NAME = "$(TARGET_NAME)";
				SWIFT_VERSION = 5.0;
				TARGETED_DEVICE_FAMILY = "1,2";
				TEST_HOST = "$(BUILT_PRODUCTS_DIR)/PokeDex.app/PokeDex";
			};
			name = Debug;
		};
		0FBDC8F4227402940084684F /* Release */ = {
			isa = XCBuildConfiguration;
			baseConfigurationReference = 396F50654FBB4FCC2C62C9A7 /* Pods-PokeDexTests.release.xcconfig */;
			buildSettings = {
				ALWAYS_EMBED_SWIFT_STANDARD_LIBRARIES = YES;
				BUNDLE_LOADER = "$(TEST_HOST)";
				CODE_SIGN_STYLE = Automatic;
				DEVELOPMENT_TEAM = 72QDW96HD8;
				INFOPLIST_FILE = PokeDexTests/Info.plist;
				LD_RUNPATH_SEARCH_PATHS = (
					"$(inherited)",
					"@executable_path/Frameworks",
					"@loader_path/Frameworks",
				);
				PRODUCT_BUNDLE_IDENTIFIER = com.nathachai.PokeDexTests;
				PRODUCT_NAME = "$(TARGET_NAME)";
				SWIFT_VERSION = 5.0;
				TARGETED_DEVICE_FAMILY = "1,2";
				TEST_HOST = "$(BUILT_PRODUCTS_DIR)/PokeDex.app/PokeDex";
			};
			name = Release;
		};
		0FBDC8F6227402940084684F /* Debug */ = {
			isa = XCBuildConfiguration;
			baseConfigurationReference = 85777AAC74CBE0A7847B0B06 /* Pods-PokeDexUITests.debug.xcconfig */;
			buildSettings = {
				ALWAYS_EMBED_SWIFT_STANDARD_LIBRARIES = YES;
				CODE_SIGN_STYLE = Automatic;
				DEVELOPMENT_TEAM = 72QDW96HD8;
				INFOPLIST_FILE = PokeDexUITests/Info.plist;
				LD_RUNPATH_SEARCH_PATHS = (
					"$(inherited)",
					"@executable_path/Frameworks",
					"@loader_path/Frameworks",
				);
				PRODUCT_BUNDLE_IDENTIFIER = com.nathachai.PokeDexUITests;
				PRODUCT_NAME = "$(TARGET_NAME)";
				SWIFT_VERSION = 5.0;
				TARGETED_DEVICE_FAMILY = "1,2";
				TEST_TARGET_NAME = PokeDex;
			};
			name = Debug;
		};
		0FBDC8F7227402940084684F /* Release */ = {
			isa = XCBuildConfiguration;
			baseConfigurationReference = 36850D0B12BE109ADCA6AF79 /* Pods-PokeDexUITests.release.xcconfig */;
			buildSettings = {
				ALWAYS_EMBED_SWIFT_STANDARD_LIBRARIES = YES;
				CODE_SIGN_STYLE = Automatic;
				DEVELOPMENT_TEAM = 72QDW96HD8;
				INFOPLIST_FILE = PokeDexUITests/Info.plist;
				LD_RUNPATH_SEARCH_PATHS = (
					"$(inherited)",
					"@executable_path/Frameworks",
					"@loader_path/Frameworks",
				);
				PRODUCT_BUNDLE_IDENTIFIER = com.nathachai.PokeDexUITests;
				PRODUCT_NAME = "$(TARGET_NAME)";
				SWIFT_VERSION = 5.0;
				TARGETED_DEVICE_FAMILY = "1,2";
				TEST_TARGET_NAME = PokeDex;
			};
			name = Release;
		};
/* End XCBuildConfiguration section */

/* Begin XCConfigurationList section */
		0FBDC8C2227402930084684F /* Build configuration list for PBXProject "PokeDex" */ = {
			isa = XCConfigurationList;
			buildConfigurations = (
				0FBDC8ED227402940084684F /* Debug */,
				0FBDC8EE227402940084684F /* Release */,
			);
			defaultConfigurationIsVisible = 0;
			defaultConfigurationName = Release;
		};
		0FBDC8EF227402940084684F /* Build configuration list for PBXNativeTarget "PokeDex" */ = {
			isa = XCConfigurationList;
			buildConfigurations = (
				0FBDC8F0227402940084684F /* Debug */,
				0FBDC8F1227402940084684F /* Release */,
			);
			defaultConfigurationIsVisible = 0;
			defaultConfigurationName = Release;
		};
		0FBDC8F2227402940084684F /* Build configuration list for PBXNativeTarget "PokeDexTests" */ = {
			isa = XCConfigurationList;
			buildConfigurations = (
				0FBDC8F3227402940084684F /* Debug */,
				0FBDC8F4227402940084684F /* Release */,
			);
			defaultConfigurationIsVisible = 0;
			defaultConfigurationName = Release;
		};
		0FBDC8F5227402940084684F /* Build configuration list for PBXNativeTarget "PokeDexUITests" */ = {
			isa = XCConfigurationList;
			buildConfigurations = (
				0FBDC8F6227402940084684F /* Debug */,
				0FBDC8F7227402940084684F /* Release */,
			);
			defaultConfigurationIsVisible = 0;
			defaultConfigurationName = Release;
		};
/* End XCConfigurationList section */
	};
	rootObject = 0FBDC8BF227402930084684F /* Project object */;
}
